
Microsoft Visual Studio Solution File, Format Version 12.00
# Visual Studio 15
VisualStudioVersion = 15.0.27130.2027
MinimumVisualStudioVersion = 10.0.40219.1
Project("{2150E333-8FDC-42A3-9474-1A3956D46DE8}") = "Server", "Server", "{8649F034-C391-416A-8A28-86AF1F21222D}"
EndProject
Project("{9A19103F-16F7-4668-BE54-9A1E7A4F7556}") = "Sanaap.Model", "Server\Sanaap.Model\Sanaap.Model.csproj", "{7558C765-2CE3-496E-A50B-F9FB5CF2AE39}"
EndProject
Project("{9A19103F-16F7-4668-BE54-9A1E7A4F7556}") = "Sanaap.Data", "Server\Sanaap.Data\Sanaap.Data.csproj", "{2DB71938-0DE0-4D99-975E-4CDF295BA1E6}"
EndProject
Project("{9A19103F-16F7-4668-BE54-9A1E7A4F7556}") = "Sanaap.Service", "Server\Sanaap.Service\Sanaap.Service.csproj", "{F6235594-3F0C-4BD3-A25A-8934563A8014}"
EndProject
Project("{9A19103F-16F7-4668-BE54-9A1E7A4F7556}") = "Sanaap.Api", "Server\Sanaap.Api\Sanaap.Api.csproj", "{46F56EE0-EDEF-43C7-B346-8A2A795F7A63}"
EndProject
Project("{2150E333-8FDC-42A3-9474-1A3956D46DE8}") = "Shared", "Shared", "{29212BF1-11F9-4486-8393-8755CCFA3589}"
EndProject
Project("{D954291E-2A0B-460D-934E-DC6B0785DB48}") = "Sanaap.Shared", "Shared\Sanaap.Shared\Sanaap.Shared.shproj", "{824697B0-2721-45A8-B42C-688701D835E1}"
EndProject
Project("{2150E333-8FDC-42A3-9474-1A3956D46DE8}") = "SanaapApp", "SanaapApp", "{8CC8FE85-1CEC-4B76-8FF9-8ABEB8D97454}"
EndProject
Project("{9A19103F-16F7-4668-BE54-9A1E7A4F7556}") = "Sanaap.App", "SanaapApp\Sanaap.App\Sanaap.App.csproj", "{74CEF939-68E8-4F73-8C3F-DB0417656299}"
EndProject
Project("{2150E333-8FDC-42A3-9474-1A3956D46DE8}") = "Platforms", "Platforms", "{C6E9476C-9DD4-4305-A8BA-4A268ECB7A89}"
EndProject
Project("{FAE04EC0-301F-11D3-BF4B-00C04F79EFBC}") = "Sanaap.App.Android", "SanaapApp\Platforms\Sanaap.App.Android\Sanaap.App.Android.csproj", "{F5DC263E-1F53-4D64-B353-C43A6A488B2C}"
EndProject
Global
	GlobalSection(SharedMSBuildProjectFiles) = preSolution
		Shared\Sanaap.Shared\Sanaap.Shared.projitems*{824697b0-2721-45a8-b42c-688701d835e1}*SharedItemsImports = 13
	EndGlobalSection
	GlobalSection(SolutionConfigurationPlatforms) = preSolution
		Ad-Hoc|Any CPU = Ad-Hoc|Any CPU
		Ad-Hoc|ARM = Ad-Hoc|ARM
		Ad-Hoc|iPhone = Ad-Hoc|iPhone
		Ad-Hoc|iPhoneSimulator = Ad-Hoc|iPhoneSimulator
		Ad-Hoc|x64 = Ad-Hoc|x64
		Ad-Hoc|x86 = Ad-Hoc|x86
		AppStore|Any CPU = AppStore|Any CPU
		AppStore|ARM = AppStore|ARM
		AppStore|iPhone = AppStore|iPhone
		AppStore|iPhoneSimulator = AppStore|iPhoneSimulator
		AppStore|x64 = AppStore|x64
		AppStore|x86 = AppStore|x86
		Debug|Any CPU = Debug|Any CPU
		Debug|ARM = Debug|ARM
		Debug|iPhone = Debug|iPhone
		Debug|iPhoneSimulator = Debug|iPhoneSimulator
		Debug|x64 = Debug|x64
		Debug|x86 = Debug|x86
		Release|Any CPU = Release|Any CPU
		Release|ARM = Release|ARM
		Release|iPhone = Release|iPhone
		Release|iPhoneSimulator = Release|iPhoneSimulator
		Release|x64 = Release|x64
		Release|x86 = Release|x86
	EndGlobalSection
	GlobalSection(ProjectConfigurationPlatforms) = postSolution
		{7558C765-2CE3-496E-A50B-F9FB5CF2AE39}.Ad-Hoc|Any CPU.ActiveCfg = Release|Any CPU
		{7558C765-2CE3-496E-A50B-F9FB5CF2AE39}.Ad-Hoc|Any CPU.Build.0 = Release|Any CPU
		{7558C765-2CE3-496E-A50B-F9FB5CF2AE39}.Ad-Hoc|ARM.ActiveCfg = Release|Any CPU
		{7558C765-2CE3-496E-A50B-F9FB5CF2AE39}.Ad-Hoc|ARM.Build.0 = Release|Any CPU
		{7558C765-2CE3-496E-A50B-F9FB5CF2AE39}.Ad-Hoc|iPhone.ActiveCfg = Release|Any CPU
		{7558C765-2CE3-496E-A50B-F9FB5CF2AE39}.Ad-Hoc|iPhone.Build.0 = Release|Any CPU
		{7558C765-2CE3-496E-A50B-F9FB5CF2AE39}.Ad-Hoc|iPhoneSimulator.ActiveCfg = Release|Any CPU
		{7558C765-2CE3-496E-A50B-F9FB5CF2AE39}.Ad-Hoc|iPhoneSimulator.Build.0 = Release|Any CPU
		{7558C765-2CE3-496E-A50B-F9FB5CF2AE39}.Ad-Hoc|x64.ActiveCfg = Release|Any CPU
		{7558C765-2CE3-496E-A50B-F9FB5CF2AE39}.Ad-Hoc|x64.Build.0 = Release|Any CPU
		{7558C765-2CE3-496E-A50B-F9FB5CF2AE39}.Ad-Hoc|x86.ActiveCfg = Release|Any CPU
		{7558C765-2CE3-496E-A50B-F9FB5CF2AE39}.Ad-Hoc|x86.Build.0 = Release|Any CPU
		{7558C765-2CE3-496E-A50B-F9FB5CF2AE39}.AppStore|Any CPU.ActiveCfg = Release|Any CPU
		{7558C765-2CE3-496E-A50B-F9FB5CF2AE39}.AppStore|Any CPU.Build.0 = Release|Any CPU
		{7558C765-2CE3-496E-A50B-F9FB5CF2AE39}.AppStore|ARM.ActiveCfg = Release|Any CPU
		{7558C765-2CE3-496E-A50B-F9FB5CF2AE39}.AppStore|ARM.Build.0 = Release|Any CPU
		{7558C765-2CE3-496E-A50B-F9FB5CF2AE39}.AppStore|iPhone.ActiveCfg = Release|Any CPU
		{7558C765-2CE3-496E-A50B-F9FB5CF2AE39}.AppStore|iPhone.Build.0 = Release|Any CPU
		{7558C765-2CE3-496E-A50B-F9FB5CF2AE39}.AppStore|iPhoneSimulator.ActiveCfg = Release|Any CPU
		{7558C765-2CE3-496E-A50B-F9FB5CF2AE39}.AppStore|iPhoneSimulator.Build.0 = Release|Any CPU
		{7558C765-2CE3-496E-A50B-F9FB5CF2AE39}.AppStore|x64.ActiveCfg = Release|Any CPU
		{7558C765-2CE3-496E-A50B-F9FB5CF2AE39}.AppStore|x64.Build.0 = Release|Any CPU
		{7558C765-2CE3-496E-A50B-F9FB5CF2AE39}.AppStore|x86.ActiveCfg = Release|Any CPU
		{7558C765-2CE3-496E-A50B-F9FB5CF2AE39}.AppStore|x86.Build.0 = Release|Any CPU
		{7558C765-2CE3-496E-A50B-F9FB5CF2AE39}.Debug|Any CPU.ActiveCfg = Debug|Any CPU
		{7558C765-2CE3-496E-A50B-F9FB5CF2AE39}.Debug|Any CPU.Build.0 = Debug|Any CPU
		{7558C765-2CE3-496E-A50B-F9FB5CF2AE39}.Debug|ARM.ActiveCfg = Debug|Any CPU
		{7558C765-2CE3-496E-A50B-F9FB5CF2AE39}.Debug|ARM.Build.0 = Debug|Any CPU
		{7558C765-2CE3-496E-A50B-F9FB5CF2AE39}.Debug|iPhone.ActiveCfg = Debug|Any CPU
		{7558C765-2CE3-496E-A50B-F9FB5CF2AE39}.Debug|iPhone.Build.0 = Debug|Any CPU
		{7558C765-2CE3-496E-A50B-F9FB5CF2AE39}.Debug|iPhoneSimulator.ActiveCfg = Debug|Any CPU
		{7558C765-2CE3-496E-A50B-F9FB5CF2AE39}.Debug|iPhoneSimulator.Build.0 = Debug|Any CPU
		{7558C765-2CE3-496E-A50B-F9FB5CF2AE39}.Debug|x64.ActiveCfg = Debug|Any CPU
		{7558C765-2CE3-496E-A50B-F9FB5CF2AE39}.Debug|x64.Build.0 = Debug|Any CPU
		{7558C765-2CE3-496E-A50B-F9FB5CF2AE39}.Debug|x86.ActiveCfg = Debug|Any CPU
		{7558C765-2CE3-496E-A50B-F9FB5CF2AE39}.Debug|x86.Build.0 = Debug|Any CPU
		{7558C765-2CE3-496E-A50B-F9FB5CF2AE39}.Release|Any CPU.ActiveCfg = Release|Any CPU
		{7558C765-2CE3-496E-A50B-F9FB5CF2AE39}.Release|Any CPU.Build.0 = Release|Any CPU
		{7558C765-2CE3-496E-A50B-F9FB5CF2AE39}.Release|ARM.ActiveCfg = Release|Any CPU
		{7558C765-2CE3-496E-A50B-F9FB5CF2AE39}.Release|ARM.Build.0 = Release|Any CPU
		{7558C765-2CE3-496E-A50B-F9FB5CF2AE39}.Release|iPhone.ActiveCfg = Release|Any CPU
		{7558C765-2CE3-496E-A50B-F9FB5CF2AE39}.Release|iPhone.Build.0 = Release|Any CPU
		{7558C765-2CE3-496E-A50B-F9FB5CF2AE39}.Release|iPhoneSimulator.ActiveCfg = Release|Any CPU
		{7558C765-2CE3-496E-A50B-F9FB5CF2AE39}.Release|iPhoneSimulator.Build.0 = Release|Any CPU
		{7558C765-2CE3-496E-A50B-F9FB5CF2AE39}.Release|x64.ActiveCfg = Release|Any CPU
		{7558C765-2CE3-496E-A50B-F9FB5CF2AE39}.Release|x64.Build.0 = Release|Any CPU
		{7558C765-2CE3-496E-A50B-F9FB5CF2AE39}.Release|x86.ActiveCfg = Release|Any CPU
		{7558C765-2CE3-496E-A50B-F9FB5CF2AE39}.Release|x86.Build.0 = Release|Any CPU
		{2DB71938-0DE0-4D99-975E-4CDF295BA1E6}.Ad-Hoc|Any CPU.ActiveCfg = Release|Any CPU
		{2DB71938-0DE0-4D99-975E-4CDF295BA1E6}.Ad-Hoc|Any CPU.Build.0 = Release|Any CPU
		{2DB71938-0DE0-4D99-975E-4CDF295BA1E6}.Ad-Hoc|ARM.ActiveCfg = Release|Any CPU
		{2DB71938-0DE0-4D99-975E-4CDF295BA1E6}.Ad-Hoc|ARM.Build.0 = Release|Any CPU
		{2DB71938-0DE0-4D99-975E-4CDF295BA1E6}.Ad-Hoc|iPhone.ActiveCfg = Release|Any CPU
		{2DB71938-0DE0-4D99-975E-4CDF295BA1E6}.Ad-Hoc|iPhone.Build.0 = Release|Any CPU
		{2DB71938-0DE0-4D99-975E-4CDF295BA1E6}.Ad-Hoc|iPhoneSimulator.ActiveCfg = Release|Any CPU
		{2DB71938-0DE0-4D99-975E-4CDF295BA1E6}.Ad-Hoc|iPhoneSimulator.Build.0 = Release|Any CPU
		{2DB71938-0DE0-4D99-975E-4CDF295BA1E6}.Ad-Hoc|x64.ActiveCfg = Release|Any CPU
		{2DB71938-0DE0-4D99-975E-4CDF295BA1E6}.Ad-Hoc|x64.Build.0 = Release|Any CPU
		{2DB71938-0DE0-4D99-975E-4CDF295BA1E6}.Ad-Hoc|x86.ActiveCfg = Release|Any CPU
		{2DB71938-0DE0-4D99-975E-4CDF295BA1E6}.Ad-Hoc|x86.Build.0 = Release|Any CPU
		{2DB71938-0DE0-4D99-975E-4CDF295BA1E6}.AppStore|Any CPU.ActiveCfg = Release|Any CPU
		{2DB71938-0DE0-4D99-975E-4CDF295BA1E6}.AppStore|Any CPU.Build.0 = Release|Any CPU
		{2DB71938-0DE0-4D99-975E-4CDF295BA1E6}.AppStore|ARM.ActiveCfg = Release|Any CPU
		{2DB71938-0DE0-4D99-975E-4CDF295BA1E6}.AppStore|ARM.Build.0 = Release|Any CPU
		{2DB71938-0DE0-4D99-975E-4CDF295BA1E6}.AppStore|iPhone.ActiveCfg = Release|Any CPU
		{2DB71938-0DE0-4D99-975E-4CDF295BA1E6}.AppStore|iPhone.Build.0 = Release|Any CPU
		{2DB71938-0DE0-4D99-975E-4CDF295BA1E6}.AppStore|iPhoneSimulator.ActiveCfg = Release|Any CPU
		{2DB71938-0DE0-4D99-975E-4CDF295BA1E6}.AppStore|iPhoneSimulator.Build.0 = Release|Any CPU
		{2DB71938-0DE0-4D99-975E-4CDF295BA1E6}.AppStore|x64.ActiveCfg = Release|Any CPU
		{2DB71938-0DE0-4D99-975E-4CDF295BA1E6}.AppStore|x64.Build.0 = Release|Any CPU
		{2DB71938-0DE0-4D99-975E-4CDF295BA1E6}.AppStore|x86.ActiveCfg = Release|Any CPU
		{2DB71938-0DE0-4D99-975E-4CDF295BA1E6}.AppStore|x86.Build.0 = Release|Any CPU
		{2DB71938-0DE0-4D99-975E-4CDF295BA1E6}.Debug|Any CPU.ActiveCfg = Debug|Any CPU
		{2DB71938-0DE0-4D99-975E-4CDF295BA1E6}.Debug|Any CPU.Build.0 = Debug|Any CPU
		{2DB71938-0DE0-4D99-975E-4CDF295BA1E6}.Debug|ARM.ActiveCfg = Debug|Any CPU
		{2DB71938-0DE0-4D99-975E-4CDF295BA1E6}.Debug|ARM.Build.0 = Debug|Any CPU
		{2DB71938-0DE0-4D99-975E-4CDF295BA1E6}.Debug|iPhone.ActiveCfg = Debug|Any CPU
		{2DB71938-0DE0-4D99-975E-4CDF295BA1E6}.Debug|iPhone.Build.0 = Debug|Any CPU
		{2DB71938-0DE0-4D99-975E-4CDF295BA1E6}.Debug|iPhoneSimulator.ActiveCfg = Debug|Any CPU
		{2DB71938-0DE0-4D99-975E-4CDF295BA1E6}.Debug|iPhoneSimulator.Build.0 = Debug|Any CPU
		{2DB71938-0DE0-4D99-975E-4CDF295BA1E6}.Debug|x64.ActiveCfg = Debug|Any CPU
		{2DB71938-0DE0-4D99-975E-4CDF295BA1E6}.Debug|x64.Build.0 = Debug|Any CPU
		{2DB71938-0DE0-4D99-975E-4CDF295BA1E6}.Debug|x86.ActiveCfg = Debug|Any CPU
		{2DB71938-0DE0-4D99-975E-4CDF295BA1E6}.Debug|x86.Build.0 = Debug|Any CPU
		{2DB71938-0DE0-4D99-975E-4CDF295BA1E6}.Release|Any CPU.ActiveCfg = Release|Any CPU
		{2DB71938-0DE0-4D99-975E-4CDF295BA1E6}.Release|Any CPU.Build.0 = Release|Any CPU
		{2DB71938-0DE0-4D99-975E-4CDF295BA1E6}.Release|ARM.ActiveCfg = Release|Any CPU
		{2DB71938-0DE0-4D99-975E-4CDF295BA1E6}.Release|ARM.Build.0 = Release|Any CPU
		{2DB71938-0DE0-4D99-975E-4CDF295BA1E6}.Release|iPhone.ActiveCfg = Release|Any CPU
		{2DB71938-0DE0-4D99-975E-4CDF295BA1E6}.Release|iPhone.Build.0 = Release|Any CPU
		{2DB71938-0DE0-4D99-975E-4CDF295BA1E6}.Release|iPhoneSimulator.ActiveCfg = Release|Any CPU
		{2DB71938-0DE0-4D99-975E-4CDF295BA1E6}.Release|iPhoneSimulator.Build.0 = Release|Any CPU
		{2DB71938-0DE0-4D99-975E-4CDF295BA1E6}.Release|x64.ActiveCfg = Release|Any CPU
		{2DB71938-0DE0-4D99-975E-4CDF295BA1E6}.Release|x64.Build.0 = Release|Any CPU
		{2DB71938-0DE0-4D99-975E-4CDF295BA1E6}.Release|x86.ActiveCfg = Release|Any CPU
		{2DB71938-0DE0-4D99-975E-4CDF295BA1E6}.Release|x86.Build.0 = Release|Any CPU
		{F6235594-3F0C-4BD3-A25A-8934563A8014}.Ad-Hoc|Any CPU.ActiveCfg = Release|Any CPU
		{F6235594-3F0C-4BD3-A25A-8934563A8014}.Ad-Hoc|Any CPU.Build.0 = Release|Any CPU
		{F6235594-3F0C-4BD3-A25A-8934563A8014}.Ad-Hoc|ARM.ActiveCfg = Release|Any CPU
		{F6235594-3F0C-4BD3-A25A-8934563A8014}.Ad-Hoc|ARM.Build.0 = Release|Any CPU
		{F6235594-3F0C-4BD3-A25A-8934563A8014}.Ad-Hoc|iPhone.ActiveCfg = Release|Any CPU
		{F6235594-3F0C-4BD3-A25A-8934563A8014}.Ad-Hoc|iPhone.Build.0 = Release|Any CPU
		{F6235594-3F0C-4BD3-A25A-8934563A8014}.Ad-Hoc|iPhoneSimulator.ActiveCfg = Release|Any CPU
		{F6235594-3F0C-4BD3-A25A-8934563A8014}.Ad-Hoc|iPhoneSimulator.Build.0 = Release|Any CPU
		{F6235594-3F0C-4BD3-A25A-8934563A8014}.Ad-Hoc|x64.ActiveCfg = Release|Any CPU
		{F6235594-3F0C-4BD3-A25A-8934563A8014}.Ad-Hoc|x64.Build.0 = Release|Any CPU
		{F6235594-3F0C-4BD3-A25A-8934563A8014}.Ad-Hoc|x86.ActiveCfg = Release|Any CPU
		{F6235594-3F0C-4BD3-A25A-8934563A8014}.Ad-Hoc|x86.Build.0 = Release|Any CPU
		{F6235594-3F0C-4BD3-A25A-8934563A8014}.AppStore|Any CPU.ActiveCfg = Release|Any CPU
		{F6235594-3F0C-4BD3-A25A-8934563A8014}.AppStore|Any CPU.Build.0 = Release|Any CPU
		{F6235594-3F0C-4BD3-A25A-8934563A8014}.AppStore|ARM.ActiveCfg = Release|Any CPU
		{F6235594-3F0C-4BD3-A25A-8934563A8014}.AppStore|ARM.Build.0 = Release|Any CPU
		{F6235594-3F0C-4BD3-A25A-8934563A8014}.AppStore|iPhone.ActiveCfg = Release|Any CPU
		{F6235594-3F0C-4BD3-A25A-8934563A8014}.AppStore|iPhone.Build.0 = Release|Any CPU
		{F6235594-3F0C-4BD3-A25A-8934563A8014}.AppStore|iPhoneSimulator.ActiveCfg = Release|Any CPU
		{F6235594-3F0C-4BD3-A25A-8934563A8014}.AppStore|iPhoneSimulator.Build.0 = Release|Any CPU
		{F6235594-3F0C-4BD3-A25A-8934563A8014}.AppStore|x64.ActiveCfg = Release|Any CPU
		{F6235594-3F0C-4BD3-A25A-8934563A8014}.AppStore|x64.Build.0 = Release|Any CPU
		{F6235594-3F0C-4BD3-A25A-8934563A8014}.AppStore|x86.ActiveCfg = Release|Any CPU
		{F6235594-3F0C-4BD3-A25A-8934563A8014}.AppStore|x86.Build.0 = Release|Any CPU
		{F6235594-3F0C-4BD3-A25A-8934563A8014}.Debug|Any CPU.ActiveCfg = Debug|Any CPU
		{F6235594-3F0C-4BD3-A25A-8934563A8014}.Debug|Any CPU.Build.0 = Debug|Any CPU
		{F6235594-3F0C-4BD3-A25A-8934563A8014}.Debug|ARM.ActiveCfg = Debug|Any CPU
		{F6235594-3F0C-4BD3-A25A-8934563A8014}.Debug|ARM.Build.0 = Debug|Any CPU
		{F6235594-3F0C-4BD3-A25A-8934563A8014}.Debug|iPhone.ActiveCfg = Debug|Any CPU
		{F6235594-3F0C-4BD3-A25A-8934563A8014}.Debug|iPhone.Build.0 = Debug|Any CPU
		{F6235594-3F0C-4BD3-A25A-8934563A8014}.Debug|iPhoneSimulator.ActiveCfg = Debug|Any CPU
		{F6235594-3F0C-4BD3-A25A-8934563A8014}.Debug|iPhoneSimulator.Build.0 = Debug|Any CPU
		{F6235594-3F0C-4BD3-A25A-8934563A8014}.Debug|x64.ActiveCfg = Debug|Any CPU
		{F6235594-3F0C-4BD3-A25A-8934563A8014}.Debug|x64.Build.0 = Debug|Any CPU
		{F6235594-3F0C-4BD3-A25A-8934563A8014}.Debug|x86.ActiveCfg = Debug|Any CPU
		{F6235594-3F0C-4BD3-A25A-8934563A8014}.Debug|x86.Build.0 = Debug|Any CPU
		{F6235594-3F0C-4BD3-A25A-8934563A8014}.Release|Any CPU.ActiveCfg = Release|Any CPU
		{F6235594-3F0C-4BD3-A25A-8934563A8014}.Release|Any CPU.Build.0 = Release|Any CPU
		{F6235594-3F0C-4BD3-A25A-8934563A8014}.Release|ARM.ActiveCfg = Release|Any CPU
		{F6235594-3F0C-4BD3-A25A-8934563A8014}.Release|ARM.Build.0 = Release|Any CPU
		{F6235594-3F0C-4BD3-A25A-8934563A8014}.Release|iPhone.ActiveCfg = Release|Any CPU
		{F6235594-3F0C-4BD3-A25A-8934563A8014}.Release|iPhone.Build.0 = Release|Any CPU
		{F6235594-3F0C-4BD3-A25A-8934563A8014}.Release|iPhoneSimulator.ActiveCfg = Release|Any CPU
		{F6235594-3F0C-4BD3-A25A-8934563A8014}.Release|iPhoneSimulator.Build.0 = Release|Any CPU
		{F6235594-3F0C-4BD3-A25A-8934563A8014}.Release|x64.ActiveCfg = Release|Any CPU
		{F6235594-3F0C-4BD3-A25A-8934563A8014}.Release|x64.Build.0 = Release|Any CPU
		{F6235594-3F0C-4BD3-A25A-8934563A8014}.Release|x86.ActiveCfg = Release|Any CPU
		{F6235594-3F0C-4BD3-A25A-8934563A8014}.Release|x86.Build.0 = Release|Any CPU
		{46F56EE0-EDEF-43C7-B346-8A2A795F7A63}.Ad-Hoc|Any CPU.ActiveCfg = Release|Any CPU
		{46F56EE0-EDEF-43C7-B346-8A2A795F7A63}.Ad-Hoc|Any CPU.Build.0 = Release|Any CPU
		{46F56EE0-EDEF-43C7-B346-8A2A795F7A63}.Ad-Hoc|ARM.ActiveCfg = Release|Any CPU
		{46F56EE0-EDEF-43C7-B346-8A2A795F7A63}.Ad-Hoc|ARM.Build.0 = Release|Any CPU
		{46F56EE0-EDEF-43C7-B346-8A2A795F7A63}.Ad-Hoc|iPhone.ActiveCfg = Release|Any CPU
		{46F56EE0-EDEF-43C7-B346-8A2A795F7A63}.Ad-Hoc|iPhone.Build.0 = Release|Any CPU
		{46F56EE0-EDEF-43C7-B346-8A2A795F7A63}.Ad-Hoc|iPhoneSimulator.ActiveCfg = Release|Any CPU
		{46F56EE0-EDEF-43C7-B346-8A2A795F7A63}.Ad-Hoc|iPhoneSimulator.Build.0 = Release|Any CPU
		{46F56EE0-EDEF-43C7-B346-8A2A795F7A63}.Ad-Hoc|x64.ActiveCfg = Release|Any CPU
		{46F56EE0-EDEF-43C7-B346-8A2A795F7A63}.Ad-Hoc|x64.Build.0 = Release|Any CPU
		{46F56EE0-EDEF-43C7-B346-8A2A795F7A63}.Ad-Hoc|x86.ActiveCfg = Release|Any CPU
		{46F56EE0-EDEF-43C7-B346-8A2A795F7A63}.Ad-Hoc|x86.Build.0 = Release|Any CPU
		{46F56EE0-EDEF-43C7-B346-8A2A795F7A63}.AppStore|Any CPU.ActiveCfg = Release|Any CPU
		{46F56EE0-EDEF-43C7-B346-8A2A795F7A63}.AppStore|Any CPU.Build.0 = Release|Any CPU
		{46F56EE0-EDEF-43C7-B346-8A2A795F7A63}.AppStore|ARM.ActiveCfg = Release|Any CPU
		{46F56EE0-EDEF-43C7-B346-8A2A795F7A63}.AppStore|ARM.Build.0 = Release|Any CPU
		{46F56EE0-EDEF-43C7-B346-8A2A795F7A63}.AppStore|iPhone.ActiveCfg = Release|Any CPU
		{46F56EE0-EDEF-43C7-B346-8A2A795F7A63}.AppStore|iPhone.Build.0 = Release|Any CPU
		{46F56EE0-EDEF-43C7-B346-8A2A795F7A63}.AppStore|iPhoneSimulator.ActiveCfg = Release|Any CPU
		{46F56EE0-EDEF-43C7-B346-8A2A795F7A63}.AppStore|iPhoneSimulator.Build.0 = Release|Any CPU
		{46F56EE0-EDEF-43C7-B346-8A2A795F7A63}.AppStore|x64.ActiveCfg = Release|Any CPU
		{46F56EE0-EDEF-43C7-B346-8A2A795F7A63}.AppStore|x64.Build.0 = Release|Any CPU
		{46F56EE0-EDEF-43C7-B346-8A2A795F7A63}.AppStore|x86.ActiveCfg = Release|Any CPU
		{46F56EE0-EDEF-43C7-B346-8A2A795F7A63}.AppStore|x86.Build.0 = Release|Any CPU
		{46F56EE0-EDEF-43C7-B346-8A2A795F7A63}.Debug|Any CPU.ActiveCfg = Debug|Any CPU
		{46F56EE0-EDEF-43C7-B346-8A2A795F7A63}.Debug|Any CPU.Build.0 = Debug|Any CPU
		{46F56EE0-EDEF-43C7-B346-8A2A795F7A63}.Debug|ARM.ActiveCfg = Debug|Any CPU
		{46F56EE0-EDEF-43C7-B346-8A2A795F7A63}.Debug|ARM.Build.0 = Debug|Any CPU
		{46F56EE0-EDEF-43C7-B346-8A2A795F7A63}.Debug|iPhone.ActiveCfg = Debug|Any CPU
		{46F56EE0-EDEF-43C7-B346-8A2A795F7A63}.Debug|iPhone.Build.0 = Debug|Any CPU
		{46F56EE0-EDEF-43C7-B346-8A2A795F7A63}.Debug|iPhoneSimulator.ActiveCfg = Debug|Any CPU
		{46F56EE0-EDEF-43C7-B346-8A2A795F7A63}.Debug|iPhoneSimulator.Build.0 = Debug|Any CPU
		{46F56EE0-EDEF-43C7-B346-8A2A795F7A63}.Debug|x64.ActiveCfg = Debug|Any CPU
		{46F56EE0-EDEF-43C7-B346-8A2A795F7A63}.Debug|x64.Build.0 = Debug|Any CPU
		{46F56EE0-EDEF-43C7-B346-8A2A795F7A63}.Debug|x86.ActiveCfg = Debug|Any CPU
		{46F56EE0-EDEF-43C7-B346-8A2A795F7A63}.Debug|x86.Build.0 = Debug|Any CPU
		{46F56EE0-EDEF-43C7-B346-8A2A795F7A63}.Release|Any CPU.ActiveCfg = Release|Any CPU
		{46F56EE0-EDEF-43C7-B346-8A2A795F7A63}.Release|Any CPU.Build.0 = Release|Any CPU
		{46F56EE0-EDEF-43C7-B346-8A2A795F7A63}.Release|ARM.ActiveCfg = Release|Any CPU
		{46F56EE0-EDEF-43C7-B346-8A2A795F7A63}.Release|ARM.Build.0 = Release|Any CPU
		{46F56EE0-EDEF-43C7-B346-8A2A795F7A63}.Release|iPhone.ActiveCfg = Release|Any CPU
		{46F56EE0-EDEF-43C7-B346-8A2A795F7A63}.Release|iPhone.Build.0 = Release|Any CPU
		{46F56EE0-EDEF-43C7-B346-8A2A795F7A63}.Release|iPhoneSimulator.ActiveCfg = Release|Any CPU
		{46F56EE0-EDEF-43C7-B346-8A2A795F7A63}.Release|iPhoneSimulator.Build.0 = Release|Any CPU
		{46F56EE0-EDEF-43C7-B346-8A2A795F7A63}.Release|x64.ActiveCfg = Release|Any CPU
		{46F56EE0-EDEF-43C7-B346-8A2A795F7A63}.Release|x64.Build.0 = Release|Any CPU
		{46F56EE0-EDEF-43C7-B346-8A2A795F7A63}.Release|x86.ActiveCfg = Release|Any CPU
		{46F56EE0-EDEF-43C7-B346-8A2A795F7A63}.Release|x86.Build.0 = Release|Any CPU
		{74CEF939-68E8-4F73-8C3F-DB0417656299}.Ad-Hoc|Any CPU.ActiveCfg = Debug|Any CPU
		{74CEF939-68E8-4F73-8C3F-DB0417656299}.Ad-Hoc|Any CPU.Build.0 = Debug|Any CPU
		{74CEF939-68E8-4F73-8C3F-DB0417656299}.Ad-Hoc|ARM.ActiveCfg = Debug|Any CPU
		{74CEF939-68E8-4F73-8C3F-DB0417656299}.Ad-Hoc|ARM.Build.0 = Debug|Any CPU
		{74CEF939-68E8-4F73-8C3F-DB0417656299}.Ad-Hoc|iPhone.ActiveCfg = Debug|Any CPU
		{74CEF939-68E8-4F73-8C3F-DB0417656299}.Ad-Hoc|iPhone.Build.0 = Debug|Any CPU
		{74CEF939-68E8-4F73-8C3F-DB0417656299}.Ad-Hoc|iPhoneSimulator.ActiveCfg = Debug|Any CPU
		{74CEF939-68E8-4F73-8C3F-DB0417656299}.Ad-Hoc|iPhoneSimulator.Build.0 = Debug|Any CPU
		{74CEF939-68E8-4F73-8C3F-DB0417656299}.Ad-Hoc|x64.ActiveCfg = Debug|Any CPU
		{74CEF939-68E8-4F73-8C3F-DB0417656299}.Ad-Hoc|x64.Build.0 = Debug|Any CPU
		{74CEF939-68E8-4F73-8C3F-DB0417656299}.Ad-Hoc|x86.ActiveCfg = Debug|Any CPU
		{74CEF939-68E8-4F73-8C3F-DB0417656299}.Ad-Hoc|x86.Build.0 = Debug|Any CPU
		{74CEF939-68E8-4F73-8C3F-DB0417656299}.AppStore|Any CPU.ActiveCfg = Debug|Any CPU
		{74CEF939-68E8-4F73-8C3F-DB0417656299}.AppStore|Any CPU.Build.0 = Debug|Any CPU
		{74CEF939-68E8-4F73-8C3F-DB0417656299}.AppStore|ARM.ActiveCfg = Debug|Any CPU
		{74CEF939-68E8-4F73-8C3F-DB0417656299}.AppStore|ARM.Build.0 = Debug|Any CPU
		{74CEF939-68E8-4F73-8C3F-DB0417656299}.AppStore|iPhone.ActiveCfg = Debug|Any CPU
		{74CEF939-68E8-4F73-8C3F-DB0417656299}.AppStore|iPhone.Build.0 = Debug|Any CPU
		{74CEF939-68E8-4F73-8C3F-DB0417656299}.AppStore|iPhoneSimulator.ActiveCfg = Debug|Any CPU
		{74CEF939-68E8-4F73-8C3F-DB0417656299}.AppStore|iPhoneSimulator.Build.0 = Debug|Any CPU
		{74CEF939-68E8-4F73-8C3F-DB0417656299}.AppStore|x64.ActiveCfg = Debug|Any CPU
		{74CEF939-68E8-4F73-8C3F-DB0417656299}.AppStore|x64.Build.0 = Debug|Any CPU
		{74CEF939-68E8-4F73-8C3F-DB0417656299}.AppStore|x86.ActiveCfg = Debug|Any CPU
		{74CEF939-68E8-4F73-8C3F-DB0417656299}.AppStore|x86.Build.0 = Debug|Any CPU
		{74CEF939-68E8-4F73-8C3F-DB0417656299}.Debug|Any CPU.ActiveCfg = Debug|Any CPU
		{74CEF939-68E8-4F73-8C3F-DB0417656299}.Debug|Any CPU.Build.0 = Debug|Any CPU
		{74CEF939-68E8-4F73-8C3F-DB0417656299}.Debug|ARM.ActiveCfg = Debug|Any CPU
		{74CEF939-68E8-4F73-8C3F-DB0417656299}.Debug|ARM.Build.0 = Debug|Any CPU
		{74CEF939-68E8-4F73-8C3F-DB0417656299}.Debug|iPhone.ActiveCfg = Debug|Any CPU
		{74CEF939-68E8-4F73-8C3F-DB0417656299}.Debug|iPhone.Build.0 = Debug|Any CPU
		{74CEF939-68E8-4F73-8C3F-DB0417656299}.Debug|iPhoneSimulator.ActiveCfg = Debug|Any CPU
		{74CEF939-68E8-4F73-8C3F-DB0417656299}.Debug|iPhoneSimulator.Build.0 = Debug|Any CPU
		{74CEF939-68E8-4F73-8C3F-DB0417656299}.Debug|x64.ActiveCfg = Debug|Any CPU
		{74CEF939-68E8-4F73-8C3F-DB0417656299}.Debug|x64.Build.0 = Debug|Any CPU
		{74CEF939-68E8-4F73-8C3F-DB0417656299}.Debug|x86.ActiveCfg = Debug|Any CPU
		{74CEF939-68E8-4F73-8C3F-DB0417656299}.Debug|x86.Build.0 = Debug|Any CPU
		{74CEF939-68E8-4F73-8C3F-DB0417656299}.Release|Any CPU.ActiveCfg = Release|Any CPU
		{74CEF939-68E8-4F73-8C3F-DB0417656299}.Release|Any CPU.Build.0 = Release|Any CPU
		{74CEF939-68E8-4F73-8C3F-DB0417656299}.Release|ARM.ActiveCfg = Release|Any CPU
		{74CEF939-68E8-4F73-8C3F-DB0417656299}.Release|ARM.Build.0 = Release|Any CPU
		{74CEF939-68E8-4F73-8C3F-DB0417656299}.Release|iPhone.ActiveCfg = Release|Any CPU
		{74CEF939-68E8-4F73-8C3F-DB0417656299}.Release|iPhone.Build.0 = Release|Any CPU
		{74CEF939-68E8-4F73-8C3F-DB0417656299}.Release|iPhoneSimulator.ActiveCfg = Release|Any CPU
		{74CEF939-68E8-4F73-8C3F-DB0417656299}.Release|iPhoneSimulator.Build.0 = Release|Any CPU
		{74CEF939-68E8-4F73-8C3F-DB0417656299}.Release|x64.ActiveCfg = Release|Any CPU
		{74CEF939-68E8-4F73-8C3F-DB0417656299}.Release|x64.Build.0 = Release|Any CPU
		{74CEF939-68E8-4F73-8C3F-DB0417656299}.Release|x86.ActiveCfg = Release|Any CPU
		{74CEF939-68E8-4F73-8C3F-DB0417656299}.Release|x86.Build.0 = Release|Any CPU
		{F5DC263E-1F53-4D64-B353-C43A6A488B2C}.Ad-Hoc|Any CPU.ActiveCfg = Release|Any CPU
		{F5DC263E-1F53-4D64-B353-C43A6A488B2C}.Ad-Hoc|Any CPU.Build.0 = Release|Any CPU
		{F5DC263E-1F53-4D64-B353-C43A6A488B2C}.Ad-Hoc|Any CPU.Deploy.0 = Release|Any CPU
		{F5DC263E-1F53-4D64-B353-C43A6A488B2C}.Ad-Hoc|ARM.ActiveCfg = Release|Any CPU
		{F5DC263E-1F53-4D64-B353-C43A6A488B2C}.Ad-Hoc|ARM.Build.0 = Release|Any CPU
		{F5DC263E-1F53-4D64-B353-C43A6A488B2C}.Ad-Hoc|ARM.Deploy.0 = Release|Any CPU
		{F5DC263E-1F53-4D64-B353-C43A6A488B2C}.Ad-Hoc|iPhone.ActiveCfg = Release|Any CPU
		{F5DC263E-1F53-4D64-B353-C43A6A488B2C}.Ad-Hoc|iPhone.Build.0 = Release|Any CPU
		{F5DC263E-1F53-4D64-B353-C43A6A488B2C}.Ad-Hoc|iPhone.Deploy.0 = Release|Any CPU
		{F5DC263E-1F53-4D64-B353-C43A6A488B2C}.Ad-Hoc|iPhoneSimulator.ActiveCfg = Release|Any CPU
		{F5DC263E-1F53-4D64-B353-C43A6A488B2C}.Ad-Hoc|iPhoneSimulator.Build.0 = Release|Any CPU
		{F5DC263E-1F53-4D64-B353-C43A6A488B2C}.Ad-Hoc|iPhoneSimulator.Deploy.0 = Release|Any CPU
		{F5DC263E-1F53-4D64-B353-C43A6A488B2C}.Ad-Hoc|x64.ActiveCfg = Release|Any CPU
		{F5DC263E-1F53-4D64-B353-C43A6A488B2C}.Ad-Hoc|x64.Build.0 = Release|Any CPU
		{F5DC263E-1F53-4D64-B353-C43A6A488B2C}.Ad-Hoc|x64.Deploy.0 = Release|Any CPU
		{F5DC263E-1F53-4D64-B353-C43A6A488B2C}.Ad-Hoc|x86.ActiveCfg = Release|Any CPU
		{F5DC263E-1F53-4D64-B353-C43A6A488B2C}.Ad-Hoc|x86.Build.0 = Release|Any CPU
		{F5DC263E-1F53-4D64-B353-C43A6A488B2C}.Ad-Hoc|x86.Deploy.0 = Release|Any CPU
		{F5DC263E-1F53-4D64-B353-C43A6A488B2C}.AppStore|Any CPU.ActiveCfg = Release|Any CPU
		{F5DC263E-1F53-4D64-B353-C43A6A488B2C}.AppStore|Any CPU.Build.0 = Release|Any CPU
		{F5DC263E-1F53-4D64-B353-C43A6A488B2C}.AppStore|Any CPU.Deploy.0 = Release|Any CPU
		{F5DC263E-1F53-4D64-B353-C43A6A488B2C}.AppStore|ARM.ActiveCfg = Release|Any CPU
		{F5DC263E-1F53-4D64-B353-C43A6A488B2C}.AppStore|ARM.Build.0 = Release|Any CPU
		{F5DC263E-1F53-4D64-B353-C43A6A488B2C}.AppStore|ARM.Deploy.0 = Release|Any CPU
		{F5DC263E-1F53-4D64-B353-C43A6A488B2C}.AppStore|iPhone.ActiveCfg = Release|Any CPU
		{F5DC263E-1F53-4D64-B353-C43A6A488B2C}.AppStore|iPhone.Build.0 = Release|Any CPU
		{F5DC263E-1F53-4D64-B353-C43A6A488B2C}.AppStore|iPhone.Deploy.0 = Release|Any CPU
		{F5DC263E-1F53-4D64-B353-C43A6A488B2C}.AppStore|iPhoneSimulator.ActiveCfg = Release|Any CPU
		{F5DC263E-1F53-4D64-B353-C43A6A488B2C}.AppStore|iPhoneSimulator.Build.0 = Release|Any CPU
		{F5DC263E-1F53-4D64-B353-C43A6A488B2C}.AppStore|iPhoneSimulator.Deploy.0 = Release|Any CPU
		{F5DC263E-1F53-4D64-B353-C43A6A488B2C}.AppStore|x64.ActiveCfg = Release|Any CPU
		{F5DC263E-1F53-4D64-B353-C43A6A488B2C}.AppStore|x64.Build.0 = Release|Any CPU
		{F5DC263E-1F53-4D64-B353-C43A6A488B2C}.AppStore|x64.Deploy.0 = Release|Any CPU
		{F5DC263E-1F53-4D64-B353-C43A6A488B2C}.AppStore|x86.ActiveCfg = Release|Any CPU
		{F5DC263E-1F53-4D64-B353-C43A6A488B2C}.AppStore|x86.Build.0 = Release|Any CPU
		{F5DC263E-1F53-4D64-B353-C43A6A488B2C}.AppStore|x86.Deploy.0 = Release|Any CPU
		{F5DC263E-1F53-4D64-B353-C43A6A488B2C}.Debug|Any CPU.ActiveCfg = Debug|Any CPU
		{F5DC263E-1F53-4D64-B353-C43A6A488B2C}.Debug|Any CPU.Build.0 = Debug|Any CPU
		{F5DC263E-1F53-4D64-B353-C43A6A488B2C}.Debug|Any CPU.Deploy.0 = Debug|Any CPU
		{F5DC263E-1F53-4D64-B353-C43A6A488B2C}.Debug|ARM.ActiveCfg = Debug|Any CPU
		{F5DC263E-1F53-4D64-B353-C43A6A488B2C}.Debug|ARM.Build.0 = Debug|Any CPU
		{F5DC263E-1F53-4D64-B353-C43A6A488B2C}.Debug|ARM.Deploy.0 = Debug|Any CPU
		{F5DC263E-1F53-4D64-B353-C43A6A488B2C}.Debug|iPhone.ActiveCfg = Debug|Any CPU
		{F5DC263E-1F53-4D64-B353-C43A6A488B2C}.Debug|iPhone.Build.0 = Debug|Any CPU
		{F5DC263E-1F53-4D64-B353-C43A6A488B2C}.Debug|iPhone.Deploy.0 = Debug|Any CPU
		{F5DC263E-1F53-4D64-B353-C43A6A488B2C}.Debug|iPhoneSimulator.ActiveCfg = Debug|Any CPU
		{F5DC263E-1F53-4D64-B353-C43A6A488B2C}.Debug|iPhoneSimulator.Build.0 = Debug|Any CPU
		{F5DC263E-1F53-4D64-B353-C43A6A488B2C}.Debug|iPhoneSimulator.Deploy.0 = Debug|Any CPU
		{F5DC263E-1F53-4D64-B353-C43A6A488B2C}.Debug|x64.ActiveCfg = Debug|Any CPU
		{F5DC263E-1F53-4D64-B353-C43A6A488B2C}.Debug|x64.Build.0 = Debug|Any CPU
		{F5DC263E-1F53-4D64-B353-C43A6A488B2C}.Debug|x64.Deploy.0 = Debug|Any CPU
		{F5DC263E-1F53-4D64-B353-C43A6A488B2C}.Debug|x86.ActiveCfg = Debug|Any CPU
		{F5DC263E-1F53-4D64-B353-C43A6A488B2C}.Debug|x86.Build.0 = Debug|Any CPU
		{F5DC263E-1F53-4D64-B353-C43A6A488B2C}.Debug|x86.Deploy.0 = Debug|Any CPU
		{F5DC263E-1F53-4D64-B353-C43A6A488B2C}.Release|Any CPU.ActiveCfg = Release|Any CPU
		{F5DC263E-1F53-4D64-B353-C43A6A488B2C}.Release|Any CPU.Build.0 = Release|Any CPU
		{F5DC263E-1F53-4D64-B353-C43A6A488B2C}.Release|Any CPU.Deploy.0 = Release|Any CPU
		{F5DC263E-1F53-4D64-B353-C43A6A488B2C}.Release|ARM.ActiveCfg = Release|Any CPU
		{F5DC263E-1F53-4D64-B353-C43A6A488B2C}.Release|ARM.Build.0 = Release|Any CPU
		{F5DC263E-1F53-4D64-B353-C43A6A488B2C}.Release|ARM.Deploy.0 = Release|Any CPU
		{F5DC263E-1F53-4D64-B353-C43A6A488B2C}.Release|iPhone.ActiveCfg = Release|Any CPU
		{F5DC263E-1F53-4D64-B353-C43A6A488B2C}.Release|iPhone.Build.0 = Release|Any CPU
		{F5DC263E-1F53-4D64-B353-C43A6A488B2C}.Release|iPhone.Deploy.0 = Release|Any CPU
		{F5DC263E-1F53-4D64-B353-C43A6A488B2C}.Release|iPhoneSimulator.ActiveCfg = Release|Any CPU
		{F5DC263E-1F53-4D64-B353-C43A6A488B2C}.Release|iPhoneSimulator.Build.0 = Release|Any CPU
		{F5DC263E-1F53-4D64-B353-C43A6A488B2C}.Release|iPhoneSimulator.Deploy.0 = Release|Any CPU
		{F5DC263E-1F53-4D64-B353-C43A6A488B2C}.Release|x64.ActiveCfg = Release|Any CPU
		{F5DC263E-1F53-4D64-B353-C43A6A488B2C}.Release|x64.Build.0 = Release|Any CPU
		{F5DC263E-1F53-4D64-B353-C43A6A488B2C}.Release|x64.Deploy.0 = Release|Any CPU
		{F5DC263E-1F53-4D64-B353-C43A6A488B2C}.Release|x86.ActiveCfg = Release|Any CPU
		{F5DC263E-1F53-4D64-B353-C43A6A488B2C}.Release|x86.Build.0 = Release|Any CPU
		{F5DC263E-1F53-4D64-B353-C43A6A488B2C}.Release|x86.Deploy.0 = Release|Any CPU
	EndGlobalSection
	GlobalSection(SolutionProperties) = preSolution
		HideSolutionNode = FALSE
	EndGlobalSection
	GlobalSection(NestedProjects) = preSolution
		{7558C765-2CE3-496E-A50B-F9FB5CF2AE39} = {8649F034-C391-416A-8A28-86AF1F21222D}
		{2DB71938-0DE0-4D99-975E-4CDF295BA1E6} = {8649F034-C391-416A-8A28-86AF1F21222D}
		{F6235594-3F0C-4BD3-A25A-8934563A8014} = {8649F034-C391-416A-8A28-86AF1F21222D}
		{46F56EE0-EDEF-43C7-B346-8A2A795F7A63} = {8649F034-C391-416A-8A28-86AF1F21222D}
		{824697B0-2721-45A8-B42C-688701D835E1} = {29212BF1-11F9-4486-8393-8755CCFA3589}
		{74CEF939-68E8-4F73-8C3F-DB0417656299} = {8CC8FE85-1CEC-4B76-8FF9-8ABEB8D97454}
		{C6E9476C-9DD4-4305-A8BA-4A268ECB7A89} = {8CC8FE85-1CEC-4B76-8FF9-8ABEB8D97454}
		{F5DC263E-1F53-4D64-B353-C43A6A488B2C} = {C6E9476C-9DD4-4305-A8BA-4A268ECB7A89}
	EndGlobalSection
	GlobalSection(ExtensibilityGlobals) = postSolution
		SolutionGuid = {429BF966-C954-47AF-B7FF-82878BA4E10E}
	EndGlobalSection
EndGlobal
